<?xml version="1.0" encoding="utf-8"?>
<Project ToolsVersion="4.0" xmlns="http://schemas.microsoft.com/developer/msbuild/2003">
  <ItemGroup>
    <Filter Include="Source Files">
      <UniqueIdentifier>{4FC737F1-C7A5-4376-A066-2A32D752A2FF}</UniqueIdentifier>
      <Extensions>cpp;c;cc;cxx;def;odl;idl;hpj;bat;asm;asmx</Extensions>
    </Filter>
    <Filter Include="Header Files">
      <UniqueIdentifier>{93995380-89BD-4b04-88EB-625FBE52EBFB}</UniqueIdentifier>
      <Extensions>h;hpp;hxx;hm;inl;inc;xsd</Extensions>
    </Filter>
    <Filter Include="Source Files\GUI">
      <UniqueIdentifier>{4f60c14e-cc3b-495a-8ca1-f3b411d9e279}</UniqueIdentifier>
    </Filter>
    <Filter Include="Source Files\GUI\Forms">
      <UniqueIdentifier>{6d7beb34-b434-4d5a-9019-0d372aec79e7}</UniqueIdentifier>
    </Filter>
    <Filter Include="Header Files\GUI">
      <UniqueIdentifier>{1393561b-84e5-4cc6-a0cc-c91e71140caa}</UniqueIdentifier>
    </Filter>
    <Filter Include="Header Files\GUI\Forms">
      <UniqueIdentifier>{68f9a0f3-3455-4ed8-9a73-137d65c07ef6}</UniqueIdentifier>
    </Filter>
  </ItemGroup>
  <ItemGroup>
    <ClCompile Include="StdAfx.cpp">
      <Filter>Source Files</Filter>
    </ClCompile>
    <ClCompile Include="World.cpp">
      <Filter>Source Files</Filter>
    </ClCompile>
    <ClCompile Include="MyB2Draw.cpp">
      <Filter>Source Files</Filter>
    </ClCompile>
    <ClCompile Include="Car.cpp">
      <Filter>Source Files</Filter>
    </ClCompile>
    <ClCompile Include="BoxCar.cpp">
      <Filter>Source Files</Filter>
    </ClCompile>
    <ClCompile Include="GUI\Forms\Credits.cpp">
      <Filter>Source Files\GUI\Forms</Filter>
    </ClCompile>
    <ClCompile Include="GUI\Forms\TimeControl.cpp">
      <Filter>Source Files\GUI\Forms</Filter>
    </ClCompile>
  </ItemGroup>
  <ItemGroup>
    <ClInclude Include="StdAfx.h">
      <Filter>Header Files</Filter>
    </ClInclude>
    <ClInclude Include="World.h">
      <Filter>Header Files</Filter>
    </ClInclude>
    <ClInclude Include="MyB2Draw.h">
      <Filter>Header Files</Filter>
    </ClInclude>
    <ClInclude Include="Car.h">
      <Filter>Header Files</Filter>
    </ClInclude>
    <ClInclude Include="BoxCar.h">
      <Filter>Header Files</Filter>
    </ClInclude>
    <ClInclude Include="GUI\Forms\Credits.h">
      <Filter>Header Files\GUI\Forms</Filter>
    </ClInclude>
    <ClInclude Include="GUI\Forms\TimeControl.h">
      <Filter>Header Files\GUI\Forms</Filter>
    </ClInclude>
  </ItemGroup>
</Project>